
Microsoft Visual Studio Solution File, Format Version 11.00
# Visual Studio 2010
Project("{FAE04EC0-301F-11D3-BF4B-00C04F79EFBC}") = "FluentData", "FluentData\FluentData.csproj", "{B5AE821B-7728-49B3-9119-3BBC4C8E58E9}"
EndProject
Project("{2150E333-8FDC-42A3-9474-1A3956D46DE8}") = "Solution Items", "Solution Items", "{7D8DF561-3D0D-420E-AFF4-4FC88848D632}"
	ProjectSection(SolutionItems) = preProject
		FluentData.vsmdi = FluentData.vsmdi
		Local.testsettings = Local.testsettings
		TraceAndTestImpact.testsettings = TraceAndTestImpact.testsettings
	EndProjectSection
EndProject
Project("{FAE04EC0-301F-11D3-BF4B-00C04F79EFBC}") = "FluentData.UnitTests", "FluentData.UnitTests\FluentData.UnitTests.csproj", "{807A231E-0F2F-46ED-877D-2733737DF0B0}"
EndProject
Project("{FAE04EC0-301F-11D3-BF4B-00C04F79EFBC}") = "FluentData.SystemTests", "FluentData.SystemTests\FluentData.SystemTests.csproj", "{EEE8E9AB-3AA5-4DF8-AC2F-B806532F546C}"
EndProject
Project("{FAE04EC0-301F-11D3-BF4B-00C04F79EFBC}") = "FluentData.SingleFile", "FluentData.SingleFile\FluentData.SingleFile.csproj", "{1CDA8F56-73D9-4C2A-9D0D-EB6D9C2D53FC}"
EndProject
Global
	GlobalSection(TeamFoundationVersionControl) = preSolution
		SccNumberOfProjects = 5
		SccEnterpriseProvider = {4CA58AB2-18FA-4F8D-95D4-32DDF27D184C}
		SccTeamFoundationServer = https://tfs.codeplex.com/tfs/tfs17
		SccLocalPath0 = .
		SccProjectUniqueName1 = FluentData\\FluentData.csproj
		SccProjectName1 = FluentData
		SccLocalPath1 = FluentData
		SccProjectUniqueName2 = FluentData.UnitTests\\FluentData.UnitTests.csproj
		SccProjectName2 = FluentData.UnitTests
		SccLocalPath2 = FluentData.UnitTests
		SccProjectUniqueName3 = FluentData.SystemTests\\FluentData.SystemTests.csproj
		SccProjectName3 = FluentData.SystemTests
		SccLocalPath3 = FluentData.SystemTests
		SccProjectUniqueName4 = FluentData.SingleFile\\FluentData.SingleFile.csproj
		SccProjectName4 = FluentData.SingleFile
		SccLocalPath4 = FluentData.SingleFile
	EndGlobalSection
	GlobalSection(TestCaseManagementSettings) = postSolution
		CategoryFile = FluentData.vsmdi
	EndGlobalSection
	GlobalSection(SolutionConfigurationPlatforms) = preSolution
		Debug|Any CPU = Debug|Any CPU
		Release|Any CPU = Release|Any CPU
	EndGlobalSection
	GlobalSection(ProjectConfigurationPlatforms) = postSolution
		{B5AE821B-7728-49B3-9119-3BBC4C8E58E9}.Debug|Any CPU.ActiveCfg = Debug|Any CPU
		{B5AE821B-7728-49B3-9119-3BBC4C8E58E9}.Debug|Any CPU.Build.0 = Debug|Any CPU
		{B5AE821B-7728-49B3-9119-3BBC4C8E58E9}.Release|Any CPU.ActiveCfg = Release|Any CPU
		{B5AE821B-7728-49B3-9119-3BBC4C8E58E9}.Release|Any CPU.Build.0 = Release|Any CPU
		{807A231E-0F2F-46ED-877D-2733737DF0B0}.Debug|Any CPU.ActiveCfg = Debug|Any CPU
		{807A231E-0F2F-46ED-877D-2733737DF0B0}.Debug|Any CPU.Build.0 = Debug|Any CPU
		{807A231E-0F2F-46ED-877D-2733737DF0B0}.Release|Any CPU.ActiveCfg = Release|Any CPU
		{807A231E-0F2F-46ED-877D-2733737DF0B0}.Release|Any CPU.Build.0 = Release|Any CPU
		{EEE8E9AB-3AA5-4DF8-AC2F-B806532F546C}.Debug|Any CPU.ActiveCfg = Debug|Any CPU
		{EEE8E9AB-3AA5-4DF8-AC2F-B806532F546C}.Debug|Any CPU.Build.0 = Debug|Any CPU
		{EEE8E9AB-3AA5-4DF8-AC2F-B806532F546C}.Release|Any CPU.ActiveCfg = Release|Any CPU
		{EEE8E9AB-3AA5-4DF8-AC2F-B806532F546C}.Release|Any CPU.Build.0 = Release|Any CPU
		{1CDA8F56-73D9-4C2A-9D0D-EB6D9C2D53FC}.Debug|Any CPU.ActiveCfg = Debug|Any CPU
		{1CDA8F56-73D9-4C2A-9D0D-EB6D9C2D53FC}.Debug|Any CPU.Build.0 = Debug|Any CPU
		{1CDA8F56-73D9-4C2A-9D0D-EB6D9C2D53FC}.Release|Any CPU.ActiveCfg = Release|Any CPU
		{1CDA8F56-73D9-4C2A-9D0D-EB6D9C2D53FC}.Release|Any CPU.Build.0 = Release|Any CPU
	EndGlobalSection
	GlobalSection(SolutionProperties) = preSolution
		HideSolutionNode = FALSE
	EndGlobalSection
EndGlobal
